// !$*UTF8*$!
{
	archiveVersion = 1;
	classes = {
	};
	objectVersion = 55;
	objects = {

/* Begin PBXBuildFile section */
		C315FBBA28EFFE2400EE12D0 /* AppetizersApp.swift in Sources */ = {isa = PBXBuildFile; fileRef = C315FBB928EFFE2400EE12D0 /* AppetizersApp.swift */; };
		C315FBBC28EFFE2400EE12D0 /* AppetizerTabView.swift in Sources */ = {isa = PBXBuildFile; fileRef = C315FBBB28EFFE2400EE12D0 /* AppetizerTabView.swift */; };
		C315FBBE28EFFE2500EE12D0 /* Assets.xcassets in Resources */ = {isa = PBXBuildFile; fileRef = C315FBBD28EFFE2500EE12D0 /* Assets.xcassets */; };
		C315FBC128EFFE2500EE12D0 /* Preview Assets.xcassets in Resources */ = {isa = PBXBuildFile; fileRef = C315FBC028EFFE2500EE12D0 /* Preview Assets.xcassets */; };
		C315FBC828EFFE8900EE12D0 /* AppetizerListView.swift in Sources */ = {isa = PBXBuildFile; fileRef = C315FBC728EFFE8900EE12D0 /* AppetizerListView.swift */; };
		C315FBCA28EFFE9000EE12D0 /* AccountView.swift in Sources */ = {isa = PBXBuildFile; fileRef = C315FBC928EFFE9000EE12D0 /* AccountView.swift */; };
		C315FBCC28EFFE9600EE12D0 /* OrderView.swift in Sources */ = {isa = PBXBuildFile; fileRef = C315FBCB28EFFE9600EE12D0 /* OrderView.swift */; };
		C315FBCE28F0087200EE12D0 /* Appetizer.swift in Sources */ = {isa = PBXBuildFile; fileRef = C315FBCD28F0087200EE12D0 /* Appetizer.swift */; };
		C315FBD028F012C700EE12D0 /* AppetizerListCell.swift in Sources */ = {isa = PBXBuildFile; fileRef = C315FBCF28F012C700EE12D0 /* AppetizerListCell.swift */; };
		C315FBD228F013FB00EE12D0 /* NetworkManager.swift in Sources */ = {isa = PBXBuildFile; fileRef = C315FBD128F013FB00EE12D0 /* NetworkManager.swift */; };
		C315FBD428F015AE00EE12D0 /* APError.swift in Sources */ = {isa = PBXBuildFile; fileRef = C315FBD328F015AE00EE12D0 /* APError.swift */; };
		C315FBD628F022D100EE12D0 /* AppetizerListViewModel.swift in Sources */ = {isa = PBXBuildFile; fileRef = C315FBD528F022D100EE12D0 /* AppetizerListViewModel.swift */; };
		C315FBD828F0247E00EE12D0 /* Alert.swift in Sources */ = {isa = PBXBuildFile; fileRef = C315FBD728F0247E00EE12D0 /* Alert.swift */; };
		C315FBDA28F0457300EE12D0 /* LoadingView.swift in Sources */ = {isa = PBXBuildFile; fileRef = C315FBD928F0457300EE12D0 /* LoadingView.swift */; };
		C315FBDC28F0462D00EE12D0 /* Color+Ext.swift in Sources */ = {isa = PBXBuildFile; fileRef = C315FBDB28F0462D00EE12D0 /* Color+Ext.swift */; };
		C33B215C28F06C9400FF4305 /* RemoteImage.swift in Sources */ = {isa = PBXBuildFile; fileRef = C33B215B28F06C9400FF4305 /* RemoteImage.swift */; };
		C362E54928F160A2003B4840 /* AppetizerDetailView.swift in Sources */ = {isa = PBXBuildFile; fileRef = C362E54828F160A2003B4840 /* AppetizerDetailView.swift */; };
		C362E54C28F16B56003B4840 /* APButton.swift in Sources */ = {isa = PBXBuildFile; fileRef = C362E54B28F16B56003B4840 /* APButton.swift */; };
		C362E54E28F16C3B003B4840 /* XDismissButton.swift in Sources */ = {isa = PBXBuildFile; fileRef = C362E54D28F16C3B003B4840 /* XDismissButton.swift */; };
/* End PBXBuildFile section */

/* Begin PBXFileReference section */
		C315FBB628EFFE2400EE12D0 /* Appetizers.app */ = {isa = PBXFileReference; explicitFileType = wrapper.application; includeInIndex = 0; path = Appetizers.app; sourceTree = BUILT_PRODUCTS_DIR; };
		C315FBB928EFFE2400EE12D0 /* AppetizersApp.swift */ = {isa = PBXFileReference; lastKnownFileType = sourcecode.swift; path = AppetizersApp.swift; sourceTree = "<group>"; };
		C315FBBB28EFFE2400EE12D0 /* AppetizerTabView.swift */ = {isa = PBXFileReference; lastKnownFileType = sourcecode.swift; path = AppetizerTabView.swift; sourceTree = "<group>"; };
		C315FBBD28EFFE2500EE12D0 /* Assets.xcassets */ = {isa = PBXFileReference; lastKnownFileType = folder.assetcatalog; path = Assets.xcassets; sourceTree = "<group>"; };
		C315FBC028EFFE2500EE12D0 /* Preview Assets.xcassets */ = {isa = PBXFileReference; lastKnownFileType = folder.assetcatalog; path = "Preview Assets.xcassets"; sourceTree = "<group>"; };
		C315FBC728EFFE8900EE12D0 /* AppetizerListView.swift */ = {isa = PBXFileReference; lastKnownFileType = sourcecode.swift; path = AppetizerListView.swift; sourceTree = "<group>"; };
		C315FBC928EFFE9000EE12D0 /* AccountView.swift */ = {isa = PBXFileReference; lastKnownFileType = sourcecode.swift; path = AccountView.swift; sourceTree = "<group>"; };
		C315FBCB28EFFE9600EE12D0 /* OrderView.swift */ = {isa = PBXFileReference; lastKnownFileType = sourcecode.swift; path = OrderView.swift; sourceTree = "<group>"; };
		C315FBCD28F0087200EE12D0 /* Appetizer.swift */ = {isa = PBXFileReference; lastKnownFileType = sourcecode.swift; path = Appetizer.swift; sourceTree = "<group>"; };
		C315FBCF28F012C700EE12D0 /* AppetizerListCell.swift */ = {isa = PBXFileReference; lastKnownFileType = sourcecode.swift; path = AppetizerListCell.swift; sourceTree = "<group>"; };
		C315FBD128F013FB00EE12D0 /* NetworkManager.swift */ = {isa = PBXFileReference; lastKnownFileType = sourcecode.swift; path = NetworkManager.swift; sourceTree = "<group>"; };
		C315FBD328F015AE00EE12D0 /* APError.swift */ = {isa = PBXFileReference; lastKnownFileType = sourcecode.swift; path = APError.swift; sourceTree = "<group>"; };
		C315FBD528F022D100EE12D0 /* AppetizerListViewModel.swift */ = {isa = PBXFileReference; lastKnownFileType = sourcecode.swift; path = AppetizerListViewModel.swift; sourceTree = "<group>"; };
		C315FBD728F0247E00EE12D0 /* Alert.swift */ = {isa = PBXFileReference; lastKnownFileType = sourcecode.swift; path = Alert.swift; sourceTree = "<group>"; };
		C315FBD928F0457300EE12D0 /* LoadingView.swift */ = {isa = PBXFileReference; lastKnownFileType = sourcecode.swift; path = LoadingView.swift; sourceTree = "<group>"; };
		C315FBDB28F0462D00EE12D0 /* Color+Ext.swift */ = {isa = PBXFileReference; lastKnownFileType = sourcecode.swift; path = "Color+Ext.swift"; sourceTree = "<group>"; };
		C33B215B28F06C9400FF4305 /* RemoteImage.swift */ = {isa = PBXFileReference; lastKnownFileType = sourcecode.swift; path = RemoteImage.swift; sourceTree = "<group>"; };
		C362E54828F160A2003B4840 /* AppetizerDetailView.swift */ = {isa = PBXFileReference; lastKnownFileType = sourcecode.swift; path = AppetizerDetailView.swift; sourceTree = "<group>"; };
		C362E54B28F16B56003B4840 /* APButton.swift */ = {isa = PBXFileReference; lastKnownFileType = sourcecode.swift; path = APButton.swift; sourceTree = "<group>"; };
		C362E54D28F16C3B003B4840 /* XDismissButton.swift */ = {isa = PBXFileReference; lastKnownFileType = sourcecode.swift; path = XDismissButton.swift; sourceTree = "<group>"; };
/* End PBXFileReference section */

/* Begin PBXFrameworksBuildPhase section */
		C315FBB328EFFE2400EE12D0 /* Frameworks */ = {
			isa = PBXFrameworksBuildPhase;
			buildActionMask = 2147483647;
			files = (
			);
			runOnlyForDeploymentPostprocessing = 0;
		};
/* End PBXFrameworksBuildPhase section */

/* Begin PBXGroup section */
		C315FBAD28EFFE2400EE12D0 = {
			isa = PBXGroup;
			children = (
				C315FBB828EFFE2400EE12D0 /* Appetizers */,
				C315FBB728EFFE2400EE12D0 /* Products */,
			);
			sourceTree = "<group>";
		};
		C315FBB728EFFE2400EE12D0 /* Products */ = {
			isa = PBXGroup;
			children = (
				C315FBB628EFFE2400EE12D0 /* Appetizers.app */,
			);
			name = Products;
			sourceTree = "<group>";
		};
		C315FBB828EFFE2400EE12D0 /* Appetizers */ = {
			isa = PBXGroup;
			children = (
				C362E54328F15EA0003B4840 /* Model */,
				C362E53F28F15E43003B4840 /* Utilities */,
				C362E53B28F15DF4003B4840 /* Screens */,
				C362E54528F15ED1003B4840 /* Views */,
				C315FBB928EFFE2400EE12D0 /* AppetizersApp.swift */,
				C315FBBD28EFFE2500EE12D0 /* Assets.xcassets */,
				C315FBBF28EFFE2500EE12D0 /* Preview Content */,
			);
			path = Appetizers;
			sourceTree = "<group>";
		};
		C315FBBF28EFFE2500EE12D0 /* Preview Content */ = {
			isa = PBXGroup;
			children = (
				C315FBC028EFFE2500EE12D0 /* Preview Assets.xcassets */,
			);
			path = "Preview Content";
			sourceTree = "<group>";
		};
		C362E53B28F15DF4003B4840 /* Screens */ = {
			isa = PBXGroup;
			children = (
				C315FBBB28EFFE2400EE12D0 /* AppetizerTabView.swift */,
				C362E53E28F15E11003B4840 /* OrderView */,
				C362E53D28F15E0C003B4840 /* AccountView */,
				C362E53C28F15DFE003B4840 /* AppetizerListView */,
			);
			path = Screens;
			sourceTree = "<group>";
		};
		C362E53C28F15DFE003B4840 /* AppetizerListView */ = {
			isa = PBXGroup;
			children = (
				C315FBD528F022D100EE12D0 /* AppetizerListViewModel.swift */,
				C315FBC728EFFE8900EE12D0 /* AppetizerListView.swift */,
				C362E54828F160A2003B4840 /* AppetizerDetailView.swift */,
			);
			path = AppetizerListView;
			sourceTree = "<group>";
		};
		C362E53D28F15E0C003B4840 /* AccountView */ = {
			isa = PBXGroup;
			children = (
				C315FBC928EFFE9000EE12D0 /* AccountView.swift */,
			);
			path = AccountView;
			sourceTree = "<group>";
		};
		C362E53E28F15E11003B4840 /* OrderView */ = {
			isa = PBXGroup;
			children = (
				C315FBCB28EFFE9600EE12D0 /* OrderView.swift */,
			);
			path = OrderView;
			sourceTree = "<group>";
		};
		C362E53F28F15E43003B4840 /* Utilities */ = {
			isa = PBXGroup;
			children = (
				C362E54228F15E6D003B4840 /* Alert */,
				C362E54128F15E60003B4840 /* Extensions */,
				C362E54028F15E58003B4840 /* Managers */,
			);
			path = Utilities;
			sourceTree = "<group>";
		};
		C362E54028F15E58003B4840 /* Managers */ = {
			isa = PBXGroup;
			children = (
				C315FBD128F013FB00EE12D0 /* NetworkManager.swift */,
			);
			path = Managers;
			sourceTree = "<group>";
		};
		C362E54128F15E60003B4840 /* Extensions */ = {
			isa = PBXGroup;
			children = (
				C315FBDB28F0462D00EE12D0 /* Color+Ext.swift */,
			);
			path = Extensions;
			sourceTree = "<group>";
		};
		C362E54228F15E6D003B4840 /* Alert */ = {
			isa = PBXGroup;
			children = (
				C315FBD328F015AE00EE12D0 /* APError.swift */,
				C315FBD728F0247E00EE12D0 /* Alert.swift */,
			);
			path = Alert;
			sourceTree = "<group>";
		};
		C362E54328F15EA0003B4840 /* Model */ = {
			isa = PBXGroup;
			children = (
				C315FBCD28F0087200EE12D0 /* Appetizer.swift */,
			);
			path = Model;
			sourceTree = "<group>";
		};
		C362E54428F15EC2003B4840 /* UIKitComponents */ = {
			isa = PBXGroup;
			children = (
				C315FBD928F0457300EE12D0 /* LoadingView.swift */,
			);
			path = UIKitComponents;
			sourceTree = "<group>";
		};
		C362E54528F15ED1003B4840 /* Views */ = {
			isa = PBXGroup;
			children = (
				C362E54A28F16B32003B4840 /* Buttons */,
				C362E54728F15EE2003B4840 /* Image */,
				C362E54628F15EDB003B4840 /* Cells */,
				C362E54428F15EC2003B4840 /* UIKitComponents */,
			);
			path = Views;
			sourceTree = "<group>";
		};
		C362E54628F15EDB003B4840 /* Cells */ = {
			isa = PBXGroup;
			children = (
				C315FBCF28F012C700EE12D0 /* AppetizerListCell.swift */,
			);
			path = Cells;
			sourceTree = "<group>";
		};
		C362E54728F15EE2003B4840 /* Image */ = {
			isa = PBXGroup;
			children = (
				C33B215B28F06C9400FF4305 /* RemoteImage.swift */,
			);
			path = Image;
			sourceTree = "<group>";
		};
		C362E54A28F16B32003B4840 /* Buttons */ = {
			isa = PBXGroup;
			children = (
				C362E54B28F16B56003B4840 /* APButton.swift */,
				C362E54D28F16C3B003B4840 /* XDismissButton.swift */,
			);
			path = Buttons;
			sourceTree = "<group>";
		};
/* End PBXGroup section */

/* Begin PBXNativeTarget section */
		C315FBB528EFFE2400EE12D0 /* Appetizers */ = {
			isa = PBXNativeTarget;
			buildConfigurationList = C315FBC428EFFE2500EE12D0 /* Build configuration list for PBXNativeTarget "Appetizers" */;
			buildPhases = (
				C315FBB228EFFE2400EE12D0 /* Sources */,
				C315FBB328EFFE2400EE12D0 /* Frameworks */,
				C315FBB428EFFE2400EE12D0 /* Resources */,
			);
			buildRules = (
			);
			dependencies = (
			);
			name = Appetizers;
			productName = Appetizers;
			productReference = C315FBB628EFFE2400EE12D0 /* Appetizers.app */;
			productType = "com.apple.product-type.application";
		};
/* End PBXNativeTarget section */

/* Begin PBXProject section */
		C315FBAE28EFFE2400EE12D0 /* Project object */ = {
			isa = PBXProject;
			attributes = {
				BuildIndependentTargetsInParallel = 1;
				LastSwiftUpdateCheck = 1300;
				LastUpgradeCheck = 1300;
				TargetAttributes = {
					C315FBB528EFFE2400EE12D0 = {
						CreatedOnToolsVersion = 13.0;
					};
				};
			};
			buildConfigurationList = C315FBB128EFFE2400EE12D0 /* Build configuration list for PBXProject "Appetizers" */;
			compatibilityVersion = "Xcode 13.0";
			developmentRegion = en;
			hasScannedForEncodings = 0;
			knownRegions = (
				en,
				Base,
			);
			mainGroup = C315FBAD28EFFE2400EE12D0;
			productRefGroup = C315FBB728EFFE2400EE12D0 /* Products */;
			projectDirPath = "";
			projectRoot = "";
			targets = (
				C315FBB528EFFE2400EE12D0 /* Appetizers */,
			);
		};
/* End PBXProject section */

/* Begin PBXResourcesBuildPhase section */
		C315FBB428EFFE2400EE12D0 /* Resources */ = {
			isa = PBXResourcesBuildPhase;
			buildActionMask = 2147483647;
			files = (
				C315FBC128EFFE2500EE12D0 /* Preview Assets.xcassets in Resources */,
				C315FBBE28EFFE2500EE12D0 /* Assets.xcassets in Resources */,
			);
			runOnlyForDeploymentPostprocessing = 0;
		};
/* End PBXResourcesBuildPhase section */

/* Begin PBXSourcesBuildPhase section */
		C315FBB228EFFE2400EE12D0 /* Sources */ = {
			isa = PBXSourcesBuildPhase;
			buildActionMask = 2147483647;
			files = (
				C315FBCE28F0087200EE12D0 /* Appetizer.swift in Sources */,
				C315FBD428F015AE00EE12D0 /* APError.swift in Sources */,
				C362E54E28F16C3B003B4840 /* XDismissButton.swift in Sources */,
				C315FBD028F012C700EE12D0 /* AppetizerListCell.swift in Sources */,
				C315FBD628F022D100EE12D0 /* AppetizerListViewModel.swift in Sources */,
				C315FBDC28F0462D00EE12D0 /* Color+Ext.swift in Sources */,
				C315FBCA28EFFE9000EE12D0 /* AccountView.swift in Sources */,
				C362E54C28F16B56003B4840 /* APButton.swift in Sources */,
				C315FBDA28F0457300EE12D0 /* LoadingView.swift in Sources */,
				C315FBBC28EFFE2400EE12D0 /* AppetizerTabView.swift in Sources */,
				C315FBD228F013FB00EE12D0 /* NetworkManager.swift in Sources */,
				C33B215C28F06C9400FF4305 /* RemoteImage.swift in Sources */,
				C362E54928F160A2003B4840 /* AppetizerDetailView.swift in Sources */,
				C315FBBA28EFFE2400EE12D0 /* AppetizersApp.swift in Sources */,
				C315FBD828F0247E00EE12D0 /* Alert.swift in Sources */,
				C315FBC828EFFE8900EE12D0 /* AppetizerListView.swift in Sources */,
				C315FBCC28EFFE9600EE12D0 /* OrderView.swift in Sources */,
			);
			runOnlyForDeploymentPostprocessing = 0;
		};
/* End PBXSourcesBuildPhase section */

/* Begin XCBuildConfiguration section */
		C315FBC228EFFE2500EE12D0 /* Debug */ = {
			isa = XCBuildConfiguration;
			buildSettings = {
				ALWAYS_SEARCH_USER_PATHS = NO;
				CLANG_ANALYZER_NONNULL = YES;
				CLANG_ANALYZER_NUMBER_OBJECT_CONVERSION = YES_AGGRESSIVE;
				CLANG_CXX_LANGUAGE_STANDARD = "gnu++17";
				CLANG_CXX_LIBRARY = "libc++";
				CLANG_ENABLE_MODULES = YES;
				CLANG_ENABLE_OBJC_ARC = YES;
				CLANG_ENABLE_OBJC_WEAK = YES;
				CLANG_WARN_BLOCK_CAPTURE_AUTORELEASING = YES;
				CLANG_WARN_BOOL_CONVERSION = YES;
				CLANG_WARN_COMMA = YES;
				CLANG_WARN_CONSTANT_CONVERSION = YES;
				CLANG_WARN_DEPRECATED_OBJC_IMPLEMENTATIONS = YES;
				CLANG_WARN_DIRECT_OBJC_ISA_USAGE = YES_ERROR;
				CLANG_WARN_DOCUMENTATION_COMMENTS = YES;
				CLANG_WARN_EMPTY_BODY = YES;
				CLANG_WARN_ENUM_CONVERSION = YES;
				CLANG_WARN_INFINITE_RECURSION = YES;
				CLANG_WARN_INT_CONVERSION = YES;
				CLANG_WARN_NON_LITERAL_NULL_CONVERSION = YES;
				CLANG_WARN_OBJC_IMPLICIT_RETAIN_SELF = YES;
				CLANG_WARN_OBJC_LITERAL_CONVERSION = YES;
				CLANG_WARN_OBJC_ROOT_CLASS = YES_ERROR;
				CLANG_WARN_QUOTED_INCLUDE_IN_FRAMEWORK_HEADER = YES;
				CLANG_WARN_RANGE_LOOP_ANALYSIS = YES;
				CLANG_WARN_STRICT_PROTOTYPES = YES;
				CLANG_WARN_SUSPICIOUS_MOVE = YES;
				CLANG_WARN_UNGUARDED_AVAILABILITY = YES_AGGRESSIVE;
				CLANG_WARN_UNREACHABLE_CODE = YES;
				CLANG_WARN__DUPLICATE_METHOD_MATCH = YES;
				COPY_PHASE_STRIP = NO;
				DEBUG_INFORMATION_FORMAT = dwarf;
				ENABLE_STRICT_OBJC_MSGSEND = YES;
				ENABLE_TESTABILITY = YES;
				GCC_C_LANGUAGE_STANDARD = gnu11;
				GCC_DYNAMIC_NO_PIC = NO;
				GCC_NO_COMMON_BLOCKS = YES;
				GCC_OPTIMIZATION_LEVEL = 0;
				GCC_PREPROCESSOR_DEFINITIONS = (
					"DEBUG=1",
					"$(inherited)",
				);
				GCC_WARN_64_TO_32_BIT_CONVERSION = YES;
				GCC_WARN_ABOUT_RETURN_TYPE = YES_ERROR;
				GCC_WARN_UNDECLARED_SELECTOR = YES;
				GCC_WARN_UNINITIALIZED_AUTOS = YES_AGGRESSIVE;
				GCC_WARN_UNUSED_FUNCTION = YES;
				GCC_WARN_UNUSED_VARIABLE = YES;
				IPHONEOS_DEPLOYMENT_TARGET = 15.0;
				MTL_ENABLE_DEBUG_INFO = INCLUDE_SOURCE;
				MTL_FAST_MATH = YES;
				ONLY_ACTIVE_ARCH = YES;
				SDKROOT = iphoneos;
				SWIFT_ACTIVE_COMPILATION_CONDITIONS = DEBUG;
				SWIFT_OPTIMIZATION_LEVEL = "-Onone";
			};
			name = Debug;
		};
		C315FBC328EFFE2500EE12D0 /* Release */ = {
			isa = XCBuildConfiguration;
			buildSettings = {
				ALWAYS_SEARCH_USER_PATHS = NO;
				CLANG_ANALYZER_NONNULL = YES;
				CLANG_ANALYZER_NUMBER_OBJECT_CONVERSION = YES_AGGRESSIVE;
				CLANG_CXX_LANGUAGE_STANDARD = "gnu++17";
				CLANG_CXX_LIBRARY = "libc++";
				CLANG_ENABLE_MODULES = YES;
				CLANG_ENABLE_OBJC_ARC = YES;
				CLANG_ENABLE_OBJC_WEAK = YES;
				CLANG_WARN_BLOCK_CAPTURE_AUTORELEASING = YES;
				CLANG_WARN_BOOL_CONVERSION = YES;
				CLANG_WARN_COMMA = YES;
				CLANG_WARN_CONSTANT_CONVERSION = YES;
				CLANG_WARN_DEPRECATED_OBJC_IMPLEMENTATIONS = YES;
				CLANG_WARN_DIRECT_OBJC_ISA_USAGE = YES_ERROR;
				CLANG_WARN_DOCUMENTATION_COMMENTS = YES;
				CLANG_WARN_EMPTY_BODY = YES;
				CLANG_WARN_ENUM_CONVERSION = YES;
				CLANG_WARN_INFINITE_RECURSION = YES;
				CLANG_WARN_INT_CONVERSION = YES;
				CLANG_WARN_NON_LITERAL_NULL_CONVERSION = YES;
				CLANG_WARN_OBJC_IMPLICIT_RETAIN_SELF = YES;
				CLANG_WARN_OBJC_LITERAL_CONVERSION = YES;
				CLANG_WARN_OBJC_ROOT_CLASS = YES_ERROR;
				CLANG_WARN_QUOTED_INCLUDE_IN_FRAMEWORK_HEADER = YES;
				CLANG_WARN_RANGE_LOOP_ANALYSIS = YES;
				CLANG_WARN_STRICT_PROTOTYPES = YES;
				CLANG_WARN_SUSPICIOUS_MOVE = YES;
				CLANG_WARN_UNGUARDED_AVAILABILITY = YES_AGGRESSIVE;
				CLANG_WARN_UNREACHABLE_CODE = YES;
				CLANG_WARN__DUPLICATE_METHOD_MATCH = YES;
				COPY_PHASE_STRIP = NO;
				DEBUG_INFORMATION_FORMAT = "dwarf-with-dsym";
				ENABLE_NS_ASSERTIONS = NO;
				ENABLE_STRICT_OBJC_MSGSEND = YES;
				GCC_C_LANGUAGE_STANDARD = gnu11;
				GCC_NO_COMMON_BLOCKS = YES;
				GCC_WARN_64_TO_32_BIT_CONVERSION = YES;
				GCC_WARN_ABOUT_RETURN_TYPE = YES_ERROR;
				GCC_WARN_UNDECLARED_SELECTOR = YES;
				GCC_WARN_UNINITIALIZED_AUTOS = YES_AGGRESSIVE;
				GCC_WARN_UNUSED_FUNCTION = YES;
				GCC_WARN_UNUSED_VARIABLE = YES;
				IPHONEOS_DEPLOYMENT_TARGET = 15.0;
				MTL_ENABLE_DEBUG_INFO = NO;
				MTL_FAST_MATH = YES;
				SDKROOT = iphoneos;
				SWIFT_COMPILATION_MODE = wholemodule;
				SWIFT_OPTIMIZATION_LEVEL = "-O";
				VALIDATE_PRODUCT = YES;
			};
			name = Release;
		};
		C315FBC528EFFE2500EE12D0 /* Debug */ = {
			isa = XCBuildConfiguration;
			buildSettings = {
				ASSETCATALOG_COMPILER_APPICON_NAME = AppIcon;
				ASSETCATALOG_COMPILER_GLOBAL_ACCENT_COLOR_NAME = AccentColor;
				CODE_SIGN_STYLE = Automatic;
				CURRENT_PROJECT_VERSION = 1;
				DEVELOPMENT_ASSET_PATHS = "\"Appetizers/Preview Content\"";
				DEVELOPMENT_TEAM = B7N93B75Y5;
				ENABLE_PREVIEWS = YES;
				GENERATE_INFOPLIST_FILE = YES;
				INFOPLIST_KEY_UIApplicationSceneManifest_Generation = YES;
				INFOPLIST_KEY_UIApplicationSupportsIndirectInputEvents = YES;
				INFOPLIST_KEY_UILaunchScreen_Generation = YES;
				INFOPLIST_KEY_UISupportedInterfaceOrientations_iPad = "UIInterfaceOrientationPortrait UIInterfaceOrientationPortraitUpsideDown UIInterfaceOrientationLandscapeLeft UIInterfaceOrientationLandscapeRight";
				INFOPLIST_KEY_UISupportedInterfaceOrientations_iPhone = "UIInterfaceOrientationPortrait UIInterfaceOrientationLandscapeLeft UIInterfaceOrientationLandscapeRight";
				IPHONEOS_DEPLOYMENT_TARGET = 14.0;
				LD_RUNPATH_SEARCH_PATHS = (
					"$(inherited)",
					"@executable_path/Frameworks",
				);
				MARKETING_VERSION = 1.0;
				PRODUCT_BUNDLE_IDENTIFIER = ED.Appetizers;
				PRODUCT_NAME = "$(TARGET_NAME)";
				SWIFT_EMIT_LOC_STRINGS = YES;
				SWIFT_VERSION = 5.0;
				TARGETED_DEVICE_FAMILY = "1,2";
			};
			name = Debug;
		};
		C315FBC628EFFE2500EE12D0 /* Release */ = {
			isa = XCBuildConfiguration;
			buildSettings = {
				ASSETCATALOG_COMPILER_APPICON_NAME = AppIcon;
				ASSETCATALOG_COMPILER_GLOBAL_ACCENT_COLOR_NAME = AccentColor;
				CODE_SIGN_STYLE = Automatic;
				CURRENT_PROJECT_VERSION = 1;
				DEVELOPMENT_ASSET_PATHS = "\"Appetizers/Preview Content\"";
				DEVELOPMENT_TEAM = B7N93B75Y5;
				ENABLE_PREVIEWS = YES;
				GENERATE_INFOPLIST_FILE = YES;
				INFOPLIST_KEY_UIApplicationSceneManifest_Generation = YES;
				INFOPLIST_KEY_UIApplicationSupportsIndirectInputEvents = YES;
				INFOPLIST_KEY_UILaunchScreen_Generation = YES;
				INFOPLIST_KEY_UISupportedInterfaceOrientations_iPad = "UIInterfaceOrientationPortrait UIInterfaceOrientationPortraitUpsideDown UIInterfaceOrientationLandscapeLeft UIInterfaceOrientationLandscapeRight";
				INFOPLIST_KEY_UISupportedInterfaceOrientations_iPhone = "UIInterfaceOrientationPortrait UIInterfaceOrientationLandscapeLeft UIInterfaceOrientationLandscapeRight";
				IPHONEOS_DEPLOYMENT_TARGET = 14.0;
				LD_RUNPATH_SEARCH_PATHS = (
					"$(inherited)",
					"@executable_path/Frameworks",
				);
				MARKETING_VERSION = 1.0;
				PRODUCT_BUNDLE_IDENTIFIER = ED.Appetizers;
				PRODUCT_NAME = "$(TARGET_NAME)";
				SWIFT_EMIT_LOC_STRINGS = YES;
				SWIFT_VERSION = 5.0;
				TARGETED_DEVICE_FAMILY = "1,2";
			};
			name = Release;
		};
/* End XCBuildConfiguration section */

/* Begin XCConfigurationList section */
		C315FBB128EFFE2400EE12D0 /* Build configuration list for PBXProject "Appetizers" */ = {
			isa = XCConfigurationList;
			buildConfigurations = (
				C315FBC228EFFE2500EE12D0 /* Debug */,
				C315FBC328EFFE2500EE12D0 /* Release */,
			);
			defaultConfigurationIsVisible = 0;
			defaultConfigurationName = Release;
		};
		C315FBC428EFFE2500EE12D0 /* Build configuration list for PBXNativeTarget "Appetizers" */ = {
			isa = XCConfigurationList;
			buildConfigurations = (
				C315FBC528EFFE2500EE12D0 /* Debug */,
				C315FBC628EFFE2500EE12D0 /* Release */,
			);
			defaultConfigurationIsVisible = 0;
			defaultConfigurationName = Release;
		};
/* End XCConfigurationList section */
	};
	rootObject = C315FBAE28EFFE2400EE12D0 /* Project object */;
}
